{
  "name": "unimelb-design-system-assets",
  "version": "6.0.0",
  "dependencies": {
    "asap": {
      "version": "2.0.5",
      "from": "asap@>=2.0.3 <2.1.0",
      "resolved": "https://registry.npmjs.org/asap/-/asap-2.0.5.tgz"
    },
    "classlist-polyfill": {
      "version": "1.0.3",
      "from": "classlist-polyfill@>=1.0.2 <2.0.0",
      "resolved": "https://registry.npmjs.org/classlist-polyfill/-/classlist-polyfill-1.0.3.tgz"
    },
    "es6-promise": {
      "version": "4.0.5",
      "from": "es6-promise@>=4.0.5 <5.0.0",
      "resolved": "https://registry.npmjs.org/es6-promise/-/es6-promise-4.0.5.tgz"
    },
    "just-debounce": {
      "version": "1.0.0",
      "from": "just-debounce@>=1.0.0 <2.0.0",
      "resolved": "https://registry.npmjs.org/just-debounce/-/just-debounce-1.0.0.tgz"
    },
    "normalize.css": {
      "version": "5.0.0",
      "from": "normalize.css@latest",
      "resolved": "https://registry.npmjs.org/normalize.css/-/normalize.css-5.0.0.tgz"
    },
    "perfect-scrollbar": {
      "version": "0.6.14",
      "from": "perfect-scrollbar@>=0.6.10 <0.7.0",
      "resolved": "https://registry.npmjs.org/perfect-scrollbar/-/perfect-scrollbar-0.6.14.tgz"
    },
    "photoswipe": {
      "version": "4.1.1",
      "from": "photoswipe@latest",
      "resolved": "https://registry.npmjs.org/photoswipe/-/photoswipe-4.1.1.tgz"
    },
    "promise": {
      "version": "7.1.1",
      "from": "promise@>=7.1.1 <7.2.0",
      "resolved": "https://registry.npmjs.org/promise/-/promise-7.1.1.tgz"
    },
    "webfontloader": {
      "version": "1.6.26",
      "from": "webfontloader@>=1.6.3 <1.7.0",
      "resolved": "https://registry.npmjs.org/webfontloader/-/webfontloader-1.6.26.tgz"
    }
  }
}
